<?xml version="1.0" encoding="utf-8"?>
<Project ToolsVersion="4.0" xmlns="http://schemas.microsoft.com/developer/msbuild/2003">
  <ItemGroup>
    <Filter Include="Source Files">
      <UniqueIdentifier>{4FC737F1-C7A5-4376-A066-2A32D752A2FF}</UniqueIdentifier>
      <Extensions>cpp;c;cc;cxx;def;odl;idl;hpj;bat;asm;asmx</Extensions>
    </Filter>
    <Filter Include="Header Files">
      <UniqueIdentifier>{93995380-89BD-4b04-88EB-625FBE52EBFB}</UniqueIdentifier>
      <Extensions>h;hpp;hxx;hm;inl;inc;xsd</Extensions>
    </Filter>
    <Filter Include="Classes">
      <UniqueIdentifier>{68178363-5c96-4e63-9b83-969e4a09f373}</UniqueIdentifier>
    </Filter>
    <Filter Include="API">
      <UniqueIdentifier>{b14915a3-8ac2-43b9-971c-b10d901bfca2}</UniqueIdentifier>
    </Filter>
    <Filter Include="WebCoreSupport">
      <UniqueIdentifier>{85f84d1c-d5ff-439f-97b4-bcdb02934f6d}</UniqueIdentifier>
    </Filter>
  </ItemGroup>
  <ItemGroup>
    <ClCompile Include="..\MarshallingHelpers.cpp">
      <Filter>Source Files</Filter>
    </ClCompile>
    <ClCompile Include="..\WebKitClassFactory.cpp">
      <Filter>Source Files</Filter>
    </ClCompile>
    <ClCompile Include="..\WebKitDLL.cpp">
      <Filter>Source Files</Filter>
    </ClCompile>
    <ClCompile Include="..\WebKitSystemBits.cpp">
      <Filter>Source Files</Filter>
    </ClCompile>
    <ClCompile Include="..\WebNodeHighlight.cpp">
      <Filter>Source Files</Filter>
    </ClCompile>
    <ClCompile Include="..\AccessibleBase.cpp">
      <Filter>Classes</Filter>
    </ClCompile>
    <ClCompile Include="..\AccessibleDocument.cpp">
      <Filter>Classes</Filter>
    </ClCompile>
    <ClCompile Include="..\AccessibleImage.cpp">
      <Filter>Classes</Filter>
    </ClCompile>
    <ClCompile Include="..\CFDictionaryPropertyBag.cpp">
      <Filter>Classes</Filter>
    </ClCompile>
    <ClCompile Include="..\DefaultDownloadDelegate.cpp">
      <Filter>Classes</Filter>
    </ClCompile>
    <ClCompile Include="..\DefaultPolicyDelegate.cpp">
      <Filter>Classes</Filter>
    </ClCompile>
    <ClCompile Include="..\DOMCoreClasses.cpp">
      <Filter>Classes</Filter>
    </ClCompile>
    <ClCompile Include="..\DOMCSSClasses.cpp">
      <Filter>Classes</Filter>
    </ClCompile>
    <ClCompile Include="..\DOMEventsClasses.cpp">
      <Filter>Classes</Filter>
    </ClCompile>
    <ClCompile Include="..\DOMHTMLClasses.cpp">
      <Filter>Classes</Filter>
    </ClCompile>
    <ClCompile Include="..\ForEachCoClass.cpp">
      <Filter>Classes</Filter>
    </ClCompile>
    <ClCompile Include="..\FullscreenVideoController.cpp">
      <Filter>Classes</Filter>
    </ClCompile>
    <ClCompile Include="..\MemoryStream.cpp">
      <Filter>Classes</Filter>
    </ClCompile>
    <ClCompile Include="..\WebActionPropertyBag.cpp">
      <Filter>Classes</Filter>
    </ClCompile>
    <ClCompile Include="..\WebArchive.cpp">
      <Filter>Classes</Filter>
    </ClCompile>
    <ClCompile Include="..\WebBackForwardList.cpp">
      <Filter>Classes</Filter>
    </ClCompile>
    <ClCompile Include="..\WebCache.cpp">
      <Filter>Classes</Filter>
    </ClCompile>
    <ClCompile Include="..\WebCookieManager.cpp">
      <Filter>Classes</Filter>
    </ClCompile>
    <ClCompile Include="..\WebCookieManagerCFNet.cpp">
      <Filter>Classes</Filter>
    </ClCompile>
    <ClCompile Include="..\WebCookieManagerCurl.cpp">
      <Filter>Classes</Filter>
    </ClCompile>
    <ClCompile Include="..\WebCoreStatistics.cpp">
      <Filter>Classes</Filter>
    </ClCompile>
    <ClCompile Include="..\WebDatabaseManager.cpp">
      <Filter>Classes</Filter>
    </ClCompile>
    <ClCompile Include="..\WebDataSource.cpp">
      <Filter>Classes</Filter>
    </ClCompile>
    <ClCompile Include="..\WebDocumentLoader.cpp">
      <Filter>Classes</Filter>
    </ClCompile>
    <ClCompile Include="..\WebDownload.cpp">
      <Filter>Classes</Filter>
    </ClCompile>
    <ClCompile Include="..\WebDownloadCFNet.cpp">
      <Filter>Classes</Filter>
    </ClCompile>
    <ClCompile Include="..\WebDownloadCurl.cpp">
      <Filter>Classes</Filter>
    </ClCompile>
    <ClCompile Include="..\WebDropSource.cpp">
      <Filter>Classes</Filter>
    </ClCompile>
    <ClCompile Include="..\WebElementPropertyBag.cpp">
      <Filter>Classes</Filter>
    </ClCompile>
    <ClCompile Include="..\WebError.cpp">
      <Filter>Classes</Filter>
    </ClCompile>
    <ClCompile Include="..\WebFrame.cpp">
      <Filter>Classes</Filter>
    </ClCompile>
    <ClCompile Include="..\WebFramePolicyListener.cpp">
      <Filter>Classes</Filter>
    </ClCompile>
    <ClCompile Include="..\WebGeolocationPolicyListener.cpp">
      <Filter>Classes</Filter>
    </ClCompile>
    <ClCompile Include="..\WebGeolocationPosition.cpp">
      <Filter>Classes</Filter>
    </ClCompile>
    <ClCompile Include="..\WebHistory.cpp">
      <Filter>Classes</Filter>
    </ClCompile>
    <ClCompile Include="..\WebHistoryItem.cpp">
      <Filter>Classes</Filter>
    </ClCompile>
    <ClCompile Include="..\WebHTMLRepresentation.cpp">
      <Filter>Classes</Filter>
    </ClCompile>
    <ClCompile Include="..\WebIconDatabase.cpp">
      <Filter>Classes</Filter>
    </ClCompile>
    <ClCompile Include="..\WebInspector.cpp">
      <Filter>Classes</Filter>
    </ClCompile>
    <ClCompile Include="..\WebJavaScriptCollector.cpp">
      <Filter>Classes</Filter>
    </ClCompile>
    <ClCompile Include="..\WebKitLogging.cpp">
      <Filter>Classes</Filter>
    </ClCompile>
    <ClCompile Include="..\WebKitStatistics.cpp">
      <Filter>Classes</Filter>
    </ClCompile>
    <ClCompile Include="..\WebMutableURLRequest.cpp">
      <Filter>Classes</Filter>
    </ClCompile>
    <ClCompile Include="..\WebNavigationData.cpp">
      <Filter>Classes</Filter>
    </ClCompile>
    <ClCompile Include="..\WebNotification.cpp">
      <Filter>Classes</Filter>
    </ClCompile>
    <ClCompile Include="..\WebNotificationCenter.cpp">
      <Filter>Classes</Filter>
    </ClCompile>
    <ClCompile Include="..\WebPreferences.cpp">
      <Filter>Classes</Filter>
    </ClCompile>
    <ClCompile Include="..\WebResource.cpp">
      <Filter>Classes</Filter>
    </ClCompile>
    <ClCompile Include="..\WebScriptObject.cpp">
      <Filter>Classes</Filter>
    </ClCompile>
    <ClCompile Include="..\WebScriptWorld.cpp">
      <Filter>Classes</Filter>
    </ClCompile>
    <ClCompile Include="..\WebScrollBar.cpp">
      <Filter>Classes</Filter>
    </ClCompile>
    <ClCompile Include="..\WebSecurityOrigin.cpp">
      <Filter>Classes</Filter>
    </ClCompile>
    <ClCompile Include="..\WebSerializedJSValue.cpp">
      <Filter>Classes</Filter>
    </ClCompile>
    <ClCompile Include="..\WebTextRenderer.cpp">
      <Filter>Classes</Filter>
    </ClCompile>
    <ClCompile Include="..\WebURLAuthenticationChallenge.cpp">
      <Filter>Classes</Filter>
    </ClCompile>
    <ClCompile Include="..\WebURLAuthenticationChallengeSender.cpp">
      <Filter>Classes</Filter>
    </ClCompile>
    <ClCompile Include="..\WebURLAuthenticationChallengeSenderCFNet.cpp">
      <Filter>Classes</Filter>
    </ClCompile>
    <ClCompile Include="..\WebURLAuthenticationChallengeSenderCurl.cpp">
      <Filter>Classes</Filter>
    </ClCompile>
    <ClCompile Include="..\WebURLCredential.cpp">
      <Filter>Classes</Filter>
    </ClCompile>
    <ClCompile Include="..\WebURLProtectionSpace.cpp">
      <Filter>Classes</Filter>
    </ClCompile>
    <ClCompile Include="..\WebURLResponse.cpp">
      <Filter>Classes</Filter>
    </ClCompile>
    <ClCompile Include="..\WebUserContentURLPattern.cpp">
      <Filter>Classes</Filter>
    </ClCompile>
    <ClCompile Include="..\WebView.cpp">
      <Filter>Classes</Filter>
    </ClCompile>
    <ClCompile Include="..\WebWorkersPrivate.cpp">
      <Filter>Classes</Filter>
    </ClCompile>
    <ClCompile Include="..\WebKitCOMAPI.cpp">
      <Filter>API</Filter>
    </ClCompile>
    <ClCompile Include="..\WebKitGraphics.cpp">
      <Filter>API</Filter>
    </ClCompile>
    <ClCompile Include="..\WebLocalizableStrings.cpp">
      <Filter>API</Filter>
    </ClCompile>
    <ClCompile Include="..\WebCoreSupport\EmbeddedWidget.cpp">
      <Filter>WebCoreSupport</Filter>
    </ClCompile>
    <ClCompile Include="..\WebCoreSupport\WebChromeClient.cpp">
      <Filter>WebCoreSupport</Filter>
    </ClCompile>
    <ClCompile Include="..\WebCoreSupport\WebContextMenuClient.cpp">
      <Filter>WebCoreSupport</Filter>
    </ClCompile>
    <ClCompile Include="..\WebCoreSupport\WebDesktopNotificationsDelegate.cpp">
      <Filter>WebCoreSupport</Filter>
    </ClCompile>
    <ClCompile Include="..\WebCoreSupport\WebDragClient.cpp">
      <Filter>WebCoreSupport</Filter>
    </ClCompile>
    <ClCompile Include="..\WebCoreSupport\WebEditorClient.cpp">
      <Filter>WebCoreSupport</Filter>
    </ClCompile>
    <ClCompile Include="..\WebCoreSupport\WebFrameLoaderClient.cpp">
      <Filter>WebCoreSupport</Filter>
    </ClCompile>
    <ClCompile Include="..\WebCoreSupport\WebFrameNetworkingContext.cpp">
      <Filter>WebCoreSupport</Filter>
    </ClCompile>
    <ClCompile Include="..\WebCoreSupport\WebGeolocationClient.cpp">
      <Filter>WebCoreSupport</Filter>
    </ClCompile>
    <ClCompile Include="..\WebCoreSupport\WebInspectorClient.cpp">
      <Filter>WebCoreSupport</Filter>
    </ClCompile>
    <ClCompile Include="..\..\cf\WebCoreSupport\WebInspectorClientCF.cpp">
      <Filter>WebCoreSupport</Filter>
    </ClCompile>
    <ClCompile Include="..\WebCoreSupport\WebInspectorDelegate.cpp">
      <Filter>WebCoreSupport</Filter>
    </ClCompile>
    <ClCompile Include="..\WebCoreSupport\WebPlatformStrategies.cpp">
      <Filter>WebCoreSupport</Filter>
    </ClCompile>
    <ClCompile Include="..\WebKitPrefix.cpp">
      <Filter>Source Files</Filter>
    </ClCompile>
  </ItemGroup>
  <ItemGroup>
    <ClInclude Include="..\AccessibleBase.h">
      <Filter>Header Files</Filter>
    </ClInclude>
    <ClInclude Include="..\AccessibleDocument.h">
      <Filter>Header Files</Filter>
    </ClInclude>
    <ClInclude Include="..\AccessibleImage.h">
      <Filter>Header Files</Filter>
    </ClInclude>
    <ClInclude Include="autoversion.h">
      <Filter>Header Files</Filter>
    </ClInclude>
    <ClInclude Include="..\CFDictionaryPropertyBag.h">
      <Filter>Header Files</Filter>
    </ClInclude>
    <ClInclude Include="..\CodeAnalysisConfig.h">
      <Filter>Header Files</Filter>
    </ClInclude>
    <ClInclude Include="..\COMEnumVariant.h">
      <Filter>Header Files</Filter>
    </ClInclude>
    <ClInclude Include="..\COMPropertyBag.h">
      <Filter>Header Files</Filter>
    </ClInclude>
    <ClInclude Include="..\COMVariantSetter.h">
      <Filter>Header Files</Filter>
    </ClInclude>
    <ClInclude Include="..\DefaultDownloadDelegate.h">
      <Filter>Header Files</Filter>
    </ClInclude>
    <ClInclude Include="..\DefaultPolicyDelegate.h">
      <Filter>Header Files</Filter>
    </ClInclude>
    <ClInclude Include="..\DOMCoreClasses.h">
      <Filter>Header Files</Filter>
    </ClInclude>
    <ClInclude Include="..\DOMCSSClasses.h">
      <Filter>Header Files</Filter>
    </ClInclude>
    <ClInclude Include="..\DOMEventsClasses.h">
      <Filter>Header Files</Filter>
    </ClInclude>
    <ClInclude Include="..\DOMHTMLClasses.h">
      <Filter>Header Files</Filter>
    </ClInclude>
    <ClInclude Include="..\ForEachCoClass.h">
      <Filter>Header Files</Filter>
    </ClInclude>
    <ClInclude Include="..\FullscreenVideoController.h">
      <Filter>Header Files</Filter>
    </ClInclude>
    <ClInclude Include="..\MarshallingHelpers.h">
      <Filter>Header Files</Filter>
    </ClInclude>
    <ClInclude Include="..\MemoryStream.h">
      <Filter>Header Files</Filter>
    </ClInclude>
    <ClInclude Include="..\ProgIDMacros.h">
      <Filter>Header Files</Filter>
    </ClInclude>
    <ClInclude Include="resource.h">
      <Filter>Header Files</Filter>
    </ClInclude>
    <ClInclude Include="..\WebActionPropertyBag.h">
      <Filter>Header Files</Filter>
    </ClInclude>
    <ClInclude Include="..\WebArchive.h">
      <Filter>Header Files</Filter>
    </ClInclude>
    <ClInclude Include="..\WebBackForwardList.h">
      <Filter>Header Files</Filter>
    </ClInclude>
    <ClInclude Include="..\WebCache.h">
      <Filter>Header Files</Filter>
    </ClInclude>
    <ClInclude Include="..\WebCachedFramePlatformData.h">
      <Filter>Header Files</Filter>
    </ClInclude>
    <ClInclude Include="..\WebCookieManager.h">
      <Filter>Header Files</Filter>
    </ClInclude>
    <ClInclude Include="..\WebCoreStatistics.h">
      <Filter>Header Files</Filter>
    </ClInclude>
    <ClInclude Include="..\WebDatabaseManager.h">
      <Filter>Header Files</Filter>
    </ClInclude>
    <ClInclude Include="..\WebDataSource.h">
      <Filter>Header Files</Filter>
    </ClInclude>
    <ClInclude Include="..\WebDocumentLoader.h">
      <Filter>Header Files</Filter>
    </ClInclude>
    <ClInclude Include="..\WebDownload.h">
      <Filter>Header Files</Filter>
    </ClInclude>
    <ClInclude Include="..\WebDropSource.h">
      <Filter>Header Files</Filter>
    </ClInclude>
    <ClInclude Include="..\WebElementPropertyBag.h">
      <Filter>Header Files</Filter>
    </ClInclude>
    <ClInclude Include="..\WebError.h">
      <Filter>Header Files</Filter>
    </ClInclude>
    <ClInclude Include="..\WebFrame.h">
      <Filter>Header Files</Filter>
    </ClInclude>
    <ClInclude Include="..\WebFramePolicyListener.h">
      <Filter>Header Files</Filter>
    </ClInclude>
    <ClInclude Include="..\WebGeolocationPolicyListener.h">
      <Filter>Header Files</Filter>
    </ClInclude>
    <ClInclude Include="..\WebGeolocationPosition.h">
      <Filter>Header Files</Filter>
    </ClInclude>
    <ClInclude Include="..\WebHistory.h">
      <Filter>Header Files</Filter>
    </ClInclude>
    <ClInclude Include="..\WebHistoryItem.h">
      <Filter>Header Files</Filter>
    </ClInclude>
    <ClInclude Include="..\WebHTMLRepresentation.h">
      <Filter>Header Files</Filter>
    </ClInclude>
    <ClInclude Include="..\WebIconDatabase.h">
      <Filter>Header Files</Filter>
    </ClInclude>
    <ClInclude Include="..\WebInspector.h">
      <Filter>Header Files</Filter>
    </ClInclude>
    <ClInclude Include="..\WebJavaScriptCollector.h">
      <Filter>Header Files</Filter>
    </ClInclude>
    <ClInclude Include="..\WebKitClassFactory.h">
      <Filter>Header Files</Filter>
    </ClInclude>
    <ClInclude Include="..\WebKitDLL.h">
      <Filter>Header Files</Filter>
    </ClInclude>
    <ClInclude Include="..\WebKitGraphics.h">
      <Filter>Header Files</Filter>
    </ClInclude>
    <ClInclude Include="..\WebKitLogging.h">
      <Filter>Header Files</Filter>
    </ClInclude>
    <ClInclude Include="..\WebKitStatistics.h">
      <Filter>Header Files</Filter>
    </ClInclude>
    <ClInclude Include="..\WebKitStatisticsPrivate.h">
      <Filter>Header Files</Filter>
    </ClInclude>
    <ClInclude Include="..\WebKitSystemBits.h">
      <Filter>Header Files</Filter>
    </ClInclude>
    <ClInclude Include="..\WebLocalizableStrings.h">
      <Filter>Header Files</Filter>
    </ClInclude>
    <ClInclude Include="..\WebMutableURLRequest.h">
      <Filter>Header Files</Filter>
    </ClInclude>
    <ClInclude Include="..\WebNavigationData.h">
      <Filter>Header Files</Filter>
    </ClInclude>
    <ClInclude Include="..\WebNodeHighlight.h">
      <Filter>Header Files</Filter>
    </ClInclude>
    <ClInclude Include="..\WebNotification.h">
      <Filter>Header Files</Filter>
    </ClInclude>
    <ClInclude Include="..\WebNotificationCenter.h">
      <Filter>Header Files</Filter>
    </ClInclude>
    <ClInclude Include="..\WebPreferenceKeysPrivate.h">
      <Filter>Header Files</Filter>
    </ClInclude>
    <ClInclude Include="..\WebPreferences.h">
      <Filter>Header Files</Filter>
    </ClInclude>
    <ClInclude Include="..\WebResource.h">
      <Filter>Header Files</Filter>
    </ClInclude>
    <ClInclude Include="..\WebScriptObject.h">
      <Filter>Header Files</Filter>
    </ClInclude>
    <ClInclude Include="..\WebScriptWorld.h">
      <Filter>Header Files</Filter>
    </ClInclude>
    <ClInclude Include="..\WebScrollBar.h">
      <Filter>Header Files</Filter>
    </ClInclude>
    <ClInclude Include="..\WebSecurityOrigin.h">
      <Filter>Header Files</Filter>
    </ClInclude>
    <ClInclude Include="..\WebSerializedJSValue.h">
      <Filter>Header Files</Filter>
    </ClInclude>
    <ClInclude Include="..\WebTextRenderer.h">
      <Filter>Header Files</Filter>
    </ClInclude>
    <ClInclude Include="..\WebURLAuthenticationChallenge.h">
      <Filter>Header Files</Filter>
    </ClInclude>
    <ClInclude Include="..\WebURLAuthenticationChallengeSender.h">
      <Filter>Header Files</Filter>
    </ClInclude>
    <ClInclude Include="..\WebURLCredential.h">
      <Filter>Header Files</Filter>
    </ClInclude>
    <ClInclude Include="..\WebURLProtectionSpace.h">
      <Filter>Header Files</Filter>
    </ClInclude>
    <ClInclude Include="..\WebURLResponse.h">
      <Filter>Header Files</Filter>
    </ClInclude>
    <ClInclude Include="..\WebUserContentURLPattern.h">
      <Filter>Header Files</Filter>
    </ClInclude>
    <ClInclude Include="..\WebView.h">
      <Filter>Header Files</Filter>
    </ClInclude>
    <ClInclude Include="..\WebWorkersPrivate.h">
      <Filter>Header Files</Filter>
    </ClInclude>
    <ClInclude Include="..\WebCoreSupport\EmbeddedWidget.h">
      <Filter>WebCoreSupport</Filter>
    </ClInclude>
    <ClInclude Include="..\WebCoreSupport\WebChromeClient.h">
      <Filter>WebCoreSupport</Filter>
    </ClInclude>
    <ClInclude Include="..\WebCoreSupport\WebContextMenuClient.h">
      <Filter>WebCoreSupport</Filter>
    </ClInclude>
    <ClInclude Include="..\WebCoreSupport\WebDesktopNotificationsDelegate.h">
      <Filter>WebCoreSupport</Filter>
    </ClInclude>
    <ClInclude Include="..\WebCoreSupport\WebDragClient.h">
      <Filter>WebCoreSupport</Filter>
    </ClInclude>
    <ClInclude Include="..\WebCoreSupport\WebEditorClient.h">
      <Filter>WebCoreSupport</Filter>
    </ClInclude>
    <ClInclude Include="..\WebCoreSupport\WebFrameLoaderClient.h">
      <Filter>WebCoreSupport</Filter>
    </ClInclude>
    <ClInclude Include="..\WebCoreSupport\WebFrameNetworkingContext.h">
      <Filter>WebCoreSupport</Filter>
    </ClInclude>
    <ClInclude Include="..\WebCoreSupport\WebGeolocationClient.h">
      <Filter>WebCoreSupport</Filter>
    </ClInclude>
    <ClInclude Include="..\WebCoreSupport\WebInspectorClient.h">
      <Filter>WebCoreSupport</Filter>
    </ClInclude>
    <ClInclude Include="..\WebCoreSupport\WebInspectorDelegate.h">
      <Filter>WebCoreSupport</Filter>
    </ClInclude>
    <ClInclude Include="..\WebCoreSupport\WebPlatformStrategies.h">
      <Filter>WebCoreSupport</Filter>
    </ClInclude>
    <ClInclude Include="..\WebKitPrefix.h">
      <Filter>Header Files</Filter>
    </ClInclude>
  </ItemGroup>
</Project>